
Microsoft Visual Studio Solution File, Format Version 12.00
# Visual Studio 15
VisualStudioVersion = 15.0.28307.421
MinimumVisualStudioVersion = 10.0.40219.1
Project("{FAE04EC0-301F-11D3-BF4B-00C04F79EFBC}") = "AlphaNumericWebApp", "AlphaNumericWebApp\AlphaNumericWebApp.csproj", "{C6E57E72-7D78-4753-A769-8BDA319AC2E5}"
EndProject
Project("{FAE04EC0-301F-11D3-BF4B-00C04F79EFBC}") = "PhoneNumberServices", "PhoneNumberServices\PhoneNumberServices.csproj", "{34B1212C-0338-4604-86AC-57AEEECA883C}"
EndProject
Project("{FAE04EC0-301F-11D3-BF4B-00C04F79EFBC}") = "PhoneNumberServicesTest", "PhoneNumberServicesTest\PhoneNumberServicesTest.csproj", "{3D1709D4-B121-4EC5-8094-2E9D8E0DE4B9}"
EndProject
Global
	GlobalSection(SolutionConfigurationPlatforms) = preSolution
		Debug|Any CPU = Debug|Any CPU
		Release|Any CPU = Release|Any CPU
	EndGlobalSection
	GlobalSection(ProjectConfigurationPlatforms) = postSolution
		{C6E57E72-7D78-4753-A769-8BDA319AC2E5}.Debug|Any CPU.ActiveCfg = Debug|Any CPU
		{C6E57E72-7D78-4753-A769-8BDA319AC2E5}.Debug|Any CPU.Build.0 = Debug|Any CPU
		{C6E57E72-7D78-4753-A769-8BDA319AC2E5}.Release|Any CPU.ActiveCfg = Release|Any CPU
		{C6E57E72-7D78-4753-A769-8BDA319AC2E5}.Release|Any CPU.Build.0 = Release|Any CPU
		{34B1212C-0338-4604-86AC-57AEEECA883C}.Debug|Any CPU.ActiveCfg = Debug|Any CPU
		{34B1212C-0338-4604-86AC-57AEEECA883C}.Debug|Any CPU.Build.0 = Debug|Any CPU
		{34B1212C-0338-4604-86AC-57AEEECA883C}.Release|Any CPU.ActiveCfg = Release|Any CPU
		{34B1212C-0338-4604-86AC-57AEEECA883C}.Release|Any CPU.Build.0 = Release|Any CPU
		{3D1709D4-B121-4EC5-8094-2E9D8E0DE4B9}.Debug|Any CPU.ActiveCfg = Debug|Any CPU
		{3D1709D4-B121-4EC5-8094-2E9D8E0DE4B9}.Debug|Any CPU.Build.0 = Debug|Any CPU
		{3D1709D4-B121-4EC5-8094-2E9D8E0DE4B9}.Release|Any CPU.ActiveCfg = Release|Any CPU
		{3D1709D4-B121-4EC5-8094-2E9D8E0DE4B9}.Release|Any CPU.Build.0 = Release|Any CPU
	EndGlobalSection
	GlobalSection(SolutionProperties) = preSolution
		HideSolutionNode = FALSE
	EndGlobalSection
	GlobalSection(ExtensibilityGlobals) = postSolution
		SolutionGuid = {1072A06F-84CC-45BC-851D-426AE1A3966F}
	EndGlobalSection
EndGlobal
